
Microsoft Visual Studio Solution File, Format Version 12.00
# Visual Studio Version 17
VisualStudioVersion = 17.5.33424.131
MinimumVisualStudioVersion = 10.0.40219.1
Project("{FAE04EC0-301F-11D3-BF4B-00C04F79EFBC}") = "Jira.Domain", "Jira.Domain\Jira.Domain.csproj", "{35C98327-FB70-4231-A7A9-AA95A2BB75B2}"
EndProject
Project("{FAE04EC0-301F-11D3-BF4B-00C04F79EFBC}") = "Jira.Service", "Jira.Service\Jira.Service.csproj", "{70EBBF35-74A9-44A4-86CC-2F1AFA38513E}"
EndProject
Project("{FAE04EC0-301F-11D3-BF4B-00C04F79EFBC}") = "Jira.DAL", "Jira.DAL\Jira.DAL.csproj", "{BDF84A14-5D7E-47F0-97FB-67AA8BFFE77B}"
EndProject
Project("{FAE04EC0-301F-11D3-BF4B-00C04F79EFBC}") = "Jira.Api", "Jira.Api\Jira.Api.csproj", "{AEDB99BF-5024-4079-B551-2CD5603D0D10}"
EndProject
Global
	GlobalSection(SolutionConfigurationPlatforms) = preSolution
		Debug|Any CPU = Debug|Any CPU
		Release|Any CPU = Release|Any CPU
	EndGlobalSection
	GlobalSection(ProjectConfigurationPlatforms) = postSolution
		{35C98327-FB70-4231-A7A9-AA95A2BB75B2}.Debug|Any CPU.ActiveCfg = Debug|Any CPU
		{35C98327-FB70-4231-A7A9-AA95A2BB75B2}.Debug|Any CPU.Build.0 = Debug|Any CPU
		{35C98327-FB70-4231-A7A9-AA95A2BB75B2}.Release|Any CPU.ActiveCfg = Release|Any CPU
		{35C98327-FB70-4231-A7A9-AA95A2BB75B2}.Release|Any CPU.Build.0 = Release|Any CPU
		{70EBBF35-74A9-44A4-86CC-2F1AFA38513E}.Debug|Any CPU.ActiveCfg = Debug|Any CPU
		{70EBBF35-74A9-44A4-86CC-2F1AFA38513E}.Debug|Any CPU.Build.0 = Debug|Any CPU
		{70EBBF35-74A9-44A4-86CC-2F1AFA38513E}.Release|Any CPU.ActiveCfg = Release|Any CPU
		{70EBBF35-74A9-44A4-86CC-2F1AFA38513E}.Release|Any CPU.Build.0 = Release|Any CPU
		{BDF84A14-5D7E-47F0-97FB-67AA8BFFE77B}.Debug|Any CPU.ActiveCfg = Debug|Any CPU
		{BDF84A14-5D7E-47F0-97FB-67AA8BFFE77B}.Debug|Any CPU.Build.0 = Debug|Any CPU
		{BDF84A14-5D7E-47F0-97FB-67AA8BFFE77B}.Release|Any CPU.ActiveCfg = Release|Any CPU
		{BDF84A14-5D7E-47F0-97FB-67AA8BFFE77B}.Release|Any CPU.Build.0 = Release|Any CPU
		{AEDB99BF-5024-4079-B551-2CD5603D0D10}.Debug|Any CPU.ActiveCfg = Debug|Any CPU
		{AEDB99BF-5024-4079-B551-2CD5603D0D10}.Debug|Any CPU.Build.0 = Debug|Any CPU
		{AEDB99BF-5024-4079-B551-2CD5603D0D10}.Release|Any CPU.ActiveCfg = Release|Any CPU
		{AEDB99BF-5024-4079-B551-2CD5603D0D10}.Release|Any CPU.Build.0 = Release|Any CPU
	EndGlobalSection
	GlobalSection(SolutionProperties) = preSolution
		HideSolutionNode = FALSE
	EndGlobalSection
	GlobalSection(ExtensibilityGlobals) = postSolution
		SolutionGuid = {CA98B902-CB16-42A8-82B0-421CBFFAFFF7}
	EndGlobalSection
EndGlobal
